// !$*UTF8*$!
{
	archiveVersion = 1;
	classes = {
	};
	objectVersion = 55;
	objects = {

/* Begin PBXBuildFile section */
		BA63370B283A33390023CE84 /* GameViewViewModel.swift in Sources */ = {isa = PBXBuildFile; fileRef = BA63370A283A33390023CE84 /* GameViewViewModel.swift */; };
		BA63370D283A59990023CE84 /* GameWordPair.swift in Sources */ = {isa = PBXBuildFile; fileRef = BA63370C283A59990023CE84 /* GameWordPair.swift */; };
		BA633712283A8AF80023CE84 /* WordPairsClientEnvironment.swift in Sources */ = {isa = PBXBuildFile; fileRef = BA63370F283A8AF80023CE84 /* WordPairsClientEnvironment.swift */; };
		BA633713283A8AF80023CE84 /* WordPairsClient.swift in Sources */ = {isa = PBXBuildFile; fileRef = BA633710283A8AF80023CE84 /* WordPairsClient.swift */; };
		BA633714283A8AF80023CE84 /* WordPairsClientBuilder.swift in Sources */ = {isa = PBXBuildFile; fileRef = BA633711283A8AF80023CE84 /* WordPairsClientBuilder.swift */; };
		BA633717283A8B260023CE84 /* TimerClient.swift in Sources */ = {isa = PBXBuildFile; fileRef = BA633716283A8B260023CE84 /* TimerClient.swift */; };
		BA63371A283AB1DE0023CE84 /* StartView.swift in Sources */ = {isa = PBXBuildFile; fileRef = BA633719283AB1DE0023CE84 /* StartView.swift */; };
		BA63371D283AB4640023CE84 /* ButtonStyles.swift in Sources */ = {isa = PBXBuildFile; fileRef = BA63371C283AB4640023CE84 /* ButtonStyles.swift */; };
		BA63371F283AB7C30023CE84 /* StartViewModel.swift in Sources */ = {isa = PBXBuildFile; fileRef = BA63371E283AB7C30023CE84 /* StartViewModel.swift */; };
		BA633721283AB8700023CE84 /* ViewRouter.swift in Sources */ = {isa = PBXBuildFile; fileRef = BA633720283AB8700023CE84 /* ViewRouter.swift */; };
		BA633723283AE27B0023CE84 /* ViewRouterEnvironment.swift in Sources */ = {isa = PBXBuildFile; fileRef = BA633722283AE27B0023CE84 /* ViewRouterEnvironment.swift */; };
		BA633728283B795F0023CE84 /* AttemptsView.swift in Sources */ = {isa = PBXBuildFile; fileRef = BA633727283B795F0023CE84 /* AttemptsView.swift */; };
		BA63372A283B7C130023CE84 /* GameViewViewModelEnvironment.swift in Sources */ = {isa = PBXBuildFile; fileRef = BA633729283B7C130023CE84 /* GameViewViewModelEnvironment.swift */; };
		BA7338102838D27A00E1518F /* AndreyRozhkovWordGameApp.swift in Sources */ = {isa = PBXBuildFile; fileRef = BA73380F2838D27A00E1518F /* AndreyRozhkovWordGameApp.swift */; };
		BA7338122838D27A00E1518F /* GameView.swift in Sources */ = {isa = PBXBuildFile; fileRef = BA7338112838D27A00E1518F /* GameView.swift */; };
		BA7338142838D28500E1518F /* Assets.xcassets in Resources */ = {isa = PBXBuildFile; fileRef = BA7338132838D28500E1518F /* Assets.xcassets */; };
		BA7338172838D28500E1518F /* Preview Assets.xcassets in Resources */ = {isa = PBXBuildFile; fileRef = BA7338162838D28500E1518F /* Preview Assets.xcassets */; };
		BA7338212838D28600E1518F /* AndreyRozhkovWordGameTests.swift in Sources */ = {isa = PBXBuildFile; fileRef = BA7338202838D28600E1518F /* AndreyRozhkovWordGameTests.swift */; };
		BA73382B2838D28600E1518F /* AndreyRozhkovWordGameUITests.swift in Sources */ = {isa = PBXBuildFile; fileRef = BA73382A2838D28600E1518F /* AndreyRozhkovWordGameUITests.swift */; };
		BA73382D2838D28600E1518F /* AndreyRozhkovWordGameUITestsLaunchTests.swift in Sources */ = {isa = PBXBuildFile; fileRef = BA73382C2838D28600E1518F /* AndreyRozhkovWordGameUITestsLaunchTests.swift */; };
		BA73383E2838D4EB00E1518F /* WordPair.swift in Sources */ = {isa = PBXBuildFile; fileRef = BA73383D2838D4EB00E1518F /* WordPair.swift */; };
		BA7338412838D57100E1518F /* words.json in Resources */ = {isa = PBXBuildFile; fileRef = BA7338402838D57100E1518F /* words.json */; };
/* End PBXBuildFile section */

/* Begin PBXContainerItemProxy section */
		BA73381D2838D28600E1518F /* PBXContainerItemProxy */ = {
			isa = PBXContainerItemProxy;
			containerPortal = BA7338042838D27A00E1518F /* Project object */;
			proxyType = 1;
			remoteGlobalIDString = BA73380B2838D27A00E1518F;
			remoteInfo = AndreyRozhkovWordGame;
		};
		BA7338272838D28600E1518F /* PBXContainerItemProxy */ = {
			isa = PBXContainerItemProxy;
			containerPortal = BA7338042838D27A00E1518F /* Project object */;
			proxyType = 1;
			remoteGlobalIDString = BA73380B2838D27A00E1518F;
			remoteInfo = AndreyRozhkovWordGame;
		};
/* End PBXContainerItemProxy section */

/* Begin PBXFileReference section */
		BA63370A283A33390023CE84 /* GameViewViewModel.swift */ = {isa = PBXFileReference; lastKnownFileType = sourcecode.swift; path = GameViewViewModel.swift; sourceTree = "<group>"; };
		BA63370C283A59990023CE84 /* GameWordPair.swift */ = {isa = PBXFileReference; lastKnownFileType = sourcecode.swift; path = GameWordPair.swift; sourceTree = "<group>"; };
		BA63370F283A8AF80023CE84 /* WordPairsClientEnvironment.swift */ = {isa = PBXFileReference; fileEncoding = 4; lastKnownFileType = sourcecode.swift; path = WordPairsClientEnvironment.swift; sourceTree = "<group>"; };
		BA633710283A8AF80023CE84 /* WordPairsClient.swift */ = {isa = PBXFileReference; fileEncoding = 4; lastKnownFileType = sourcecode.swift; path = WordPairsClient.swift; sourceTree = "<group>"; };
		BA633711283A8AF80023CE84 /* WordPairsClientBuilder.swift */ = {isa = PBXFileReference; fileEncoding = 4; lastKnownFileType = sourcecode.swift; path = WordPairsClientBuilder.swift; sourceTree = "<group>"; };
		BA633716283A8B260023CE84 /* TimerClient.swift */ = {isa = PBXFileReference; lastKnownFileType = sourcecode.swift; path = TimerClient.swift; sourceTree = "<group>"; };
		BA633719283AB1DE0023CE84 /* StartView.swift */ = {isa = PBXFileReference; lastKnownFileType = sourcecode.swift; path = StartView.swift; sourceTree = "<group>"; };
		BA63371C283AB4640023CE84 /* ButtonStyles.swift */ = {isa = PBXFileReference; lastKnownFileType = sourcecode.swift; path = ButtonStyles.swift; sourceTree = "<group>"; };
		BA63371E283AB7C30023CE84 /* StartViewModel.swift */ = {isa = PBXFileReference; lastKnownFileType = sourcecode.swift; path = StartViewModel.swift; sourceTree = "<group>"; };
		BA633720283AB8700023CE84 /* ViewRouter.swift */ = {isa = PBXFileReference; lastKnownFileType = sourcecode.swift; path = ViewRouter.swift; sourceTree = "<group>"; };
		BA633722283AE27B0023CE84 /* ViewRouterEnvironment.swift */ = {isa = PBXFileReference; lastKnownFileType = sourcecode.swift; path = ViewRouterEnvironment.swift; sourceTree = "<group>"; };
		BA633727283B795F0023CE84 /* AttemptsView.swift */ = {isa = PBXFileReference; fileEncoding = 4; lastKnownFileType = sourcecode.swift; path = AttemptsView.swift; sourceTree = "<group>"; };
		BA633729283B7C130023CE84 /* GameViewViewModelEnvironment.swift */ = {isa = PBXFileReference; lastKnownFileType = sourcecode.swift; path = GameViewViewModelEnvironment.swift; sourceTree = "<group>"; };
		BA73380C2838D27A00E1518F /* AndreyRozhkovWordGame.app */ = {isa = PBXFileReference; explicitFileType = wrapper.application; includeInIndex = 0; path = AndreyRozhkovWordGame.app; sourceTree = BUILT_PRODUCTS_DIR; };
		BA73380F2838D27A00E1518F /* AndreyRozhkovWordGameApp.swift */ = {isa = PBXFileReference; lastKnownFileType = sourcecode.swift; path = AndreyRozhkovWordGameApp.swift; sourceTree = "<group>"; };
		BA7338112838D27A00E1518F /* GameView.swift */ = {isa = PBXFileReference; lastKnownFileType = sourcecode.swift; path = GameView.swift; sourceTree = "<group>"; };
		BA7338132838D28500E1518F /* Assets.xcassets */ = {isa = PBXFileReference; lastKnownFileType = folder.assetcatalog; path = Assets.xcassets; sourceTree = "<group>"; };
		BA7338162838D28500E1518F /* Preview Assets.xcassets */ = {isa = PBXFileReference; lastKnownFileType = folder.assetcatalog; path = "Preview Assets.xcassets"; sourceTree = "<group>"; };
		BA73381C2838D28600E1518F /* AndreyRozhkovWordGameTests.xctest */ = {isa = PBXFileReference; explicitFileType = wrapper.cfbundle; includeInIndex = 0; path = AndreyRozhkovWordGameTests.xctest; sourceTree = BUILT_PRODUCTS_DIR; };
		BA7338202838D28600E1518F /* AndreyRozhkovWordGameTests.swift */ = {isa = PBXFileReference; lastKnownFileType = sourcecode.swift; path = AndreyRozhkovWordGameTests.swift; sourceTree = "<group>"; };
		BA7338262838D28600E1518F /* AndreyRozhkovWordGameUITests.xctest */ = {isa = PBXFileReference; explicitFileType = wrapper.cfbundle; includeInIndex = 0; path = AndreyRozhkovWordGameUITests.xctest; sourceTree = BUILT_PRODUCTS_DIR; };
		BA73382A2838D28600E1518F /* AndreyRozhkovWordGameUITests.swift */ = {isa = PBXFileReference; lastKnownFileType = sourcecode.swift; path = AndreyRozhkovWordGameUITests.swift; sourceTree = "<group>"; };
		BA73382C2838D28600E1518F /* AndreyRozhkovWordGameUITestsLaunchTests.swift */ = {isa = PBXFileReference; lastKnownFileType = sourcecode.swift; path = AndreyRozhkovWordGameUITestsLaunchTests.swift; sourceTree = "<group>"; };
		BA73383D2838D4EB00E1518F /* WordPair.swift */ = {isa = PBXFileReference; lastKnownFileType = sourcecode.swift; path = WordPair.swift; sourceTree = "<group>"; };
		BA7338402838D57100E1518F /* words.json */ = {isa = PBXFileReference; fileEncoding = 4; lastKnownFileType = text.json; path = words.json; sourceTree = "<group>"; };
/* End PBXFileReference section */

/* Begin PBXFrameworksBuildPhase section */
		BA7338092838D27A00E1518F /* Frameworks */ = {
			isa = PBXFrameworksBuildPhase;
			buildActionMask = 2147483647;
			files = (
			);
			runOnlyForDeploymentPostprocessing = 0;
		};
		BA7338192838D28600E1518F /* Frameworks */ = {
			isa = PBXFrameworksBuildPhase;
			buildActionMask = 2147483647;
			files = (
			);
			runOnlyForDeploymentPostprocessing = 0;
		};
		BA7338232838D28600E1518F /* Frameworks */ = {
			isa = PBXFrameworksBuildPhase;
			buildActionMask = 2147483647;
			files = (
			);
			runOnlyForDeploymentPostprocessing = 0;
		};
/* End PBXFrameworksBuildPhase section */

/* Begin PBXGroup section */
		BA633709283A331A0023CE84 /* GameView */ = {
			isa = PBXGroup;
			children = (
				BA633726283B795F0023CE84 /* View */,
				BA7338112838D27A00E1518F /* GameView.swift */,
				BA63370A283A33390023CE84 /* GameViewViewModel.swift */,
				BA633729283B7C130023CE84 /* GameViewViewModelEnvironment.swift */,
			);
			path = GameView;
			sourceTree = "<group>";
		};
		BA63370E283A8AF80023CE84 /* WordPairsClient */ = {
			isa = PBXGroup;
			children = (
				BA63370F283A8AF80023CE84 /* WordPairsClientEnvironment.swift */,
				BA633710283A8AF80023CE84 /* WordPairsClient.swift */,
				BA633711283A8AF80023CE84 /* WordPairsClientBuilder.swift */,
			);
			path = WordPairsClient;
			sourceTree = "<group>";
		};
		BA633715283A8B1C0023CE84 /* TimerClient */ = {
			isa = PBXGroup;
			children = (
				BA633716283A8B260023CE84 /* TimerClient.swift */,
			);
			path = TimerClient;
			sourceTree = "<group>";
		};
		BA633718283AB1D40023CE84 /* WelcomeScreen */ = {
			isa = PBXGroup;
			children = (
				BA633719283AB1DE0023CE84 /* StartView.swift */,
				BA63371E283AB7C30023CE84 /* StartViewModel.swift */,
			);
			path = WelcomeScreen;
			sourceTree = "<group>";
		};
		BA63371B283AB4470023CE84 /* Extensions */ = {
			isa = PBXGroup;
			children = (
				BA63371C283AB4640023CE84 /* ButtonStyles.swift */,
			);
			path = Extensions;
			sourceTree = "<group>";
		};
		BA633726283B795F0023CE84 /* View */ = {
			isa = PBXGroup;
			children = (
				BA633727283B795F0023CE84 /* AttemptsView.swift */,
			);
			path = View;
			sourceTree = "<group>";
		};
		BA7338032838D27A00E1518F = {
			isa = PBXGroup;
			children = (
				BA73380E2838D27A00E1518F /* AndreyRozhkovWordGame */,
				BA73381F2838D28600E1518F /* AndreyRozhkovWordGameTests */,
				BA7338292838D28600E1518F /* AndreyRozhkovWordGameUITests */,
				BA73380D2838D27A00E1518F /* Products */,
			);
			sourceTree = "<group>";
		};
		BA73380D2838D27A00E1518F /* Products */ = {
			isa = PBXGroup;
			children = (
				BA73380C2838D27A00E1518F /* AndreyRozhkovWordGame.app */,
				BA73381C2838D28600E1518F /* AndreyRozhkovWordGameTests.xctest */,
				BA7338262838D28600E1518F /* AndreyRozhkovWordGameUITests.xctest */,
			);
			name = Products;
			sourceTree = "<group>";
		};
		BA73380E2838D27A00E1518F /* AndreyRozhkovWordGame */ = {
			isa = PBXGroup;
			children = (
				BA73380F2838D27A00E1518F /* AndreyRozhkovWordGameApp.swift */,
				BA633720283AB8700023CE84 /* ViewRouter.swift */,
				BA633722283AE27B0023CE84 /* ViewRouterEnvironment.swift */,
				BA633718283AB1D40023CE84 /* WelcomeScreen */,
				BA633709283A331A0023CE84 /* GameView */,
				BA7338132838D28500E1518F /* Assets.xcassets */,
				BA63371B283AB4470023CE84 /* Extensions */,
				BA7338152838D28500E1518F /* Preview Content */,
				BA73383F2838D55400E1518F /* Resourses */,
				BA73383C2838D4E200E1518F /* Models */,
				BA7338392838D48400E1518F /* Clients */,
			);
			path = AndreyRozhkovWordGame;
			sourceTree = "<group>";
		};
		BA7338152838D28500E1518F /* Preview Content */ = {
			isa = PBXGroup;
			children = (
				BA7338162838D28500E1518F /* Preview Assets.xcassets */,
			);
			path = "Preview Content";
			sourceTree = "<group>";
		};
		BA73381F2838D28600E1518F /* AndreyRozhkovWordGameTests */ = {
			isa = PBXGroup;
			children = (
				BA7338202838D28600E1518F /* AndreyRozhkovWordGameTests.swift */,
			);
			path = AndreyRozhkovWordGameTests;
			sourceTree = "<group>";
		};
		BA7338292838D28600E1518F /* AndreyRozhkovWordGameUITests */ = {
			isa = PBXGroup;
			children = (
				BA73382A2838D28600E1518F /* AndreyRozhkovWordGameUITests.swift */,
				BA73382C2838D28600E1518F /* AndreyRozhkovWordGameUITestsLaunchTests.swift */,
			);
			path = AndreyRozhkovWordGameUITests;
			sourceTree = "<group>";
		};
		BA7338392838D48400E1518F /* Clients */ = {
			isa = PBXGroup;
			children = (
				BA633715283A8B1C0023CE84 /* TimerClient */,
				BA63370E283A8AF80023CE84 /* WordPairsClient */,
			);
			path = Clients;
			sourceTree = "<group>";
		};
		BA73383C2838D4E200E1518F /* Models */ = {
			isa = PBXGroup;
			children = (
				BA73383D2838D4EB00E1518F /* WordPair.swift */,
				BA63370C283A59990023CE84 /* GameWordPair.swift */,
			);
			path = Models;
			sourceTree = "<group>";
		};
		BA73383F2838D55400E1518F /* Resourses */ = {
			isa = PBXGroup;
			children = (
				BA7338402838D57100E1518F /* words.json */,
			);
			name = Resourses;
			path = AndreyRozhkovWordGame/Resourses;
			sourceTree = SOURCE_ROOT;
		};
/* End PBXGroup section */

/* Begin PBXNativeTarget section */
		BA73380B2838D27A00E1518F /* AndreyRozhkovWordGame */ = {
			isa = PBXNativeTarget;
			buildConfigurationList = BA7338302838D28600E1518F /* Build configuration list for PBXNativeTarget "AndreyRozhkovWordGame" */;
			buildPhases = (
				BA7338082838D27A00E1518F /* Sources */,
				BA7338092838D27A00E1518F /* Frameworks */,
				BA73380A2838D27A00E1518F /* Resources */,
			);
			buildRules = (
			);
			dependencies = (
			);
			name = AndreyRozhkovWordGame;
			productName = AndreyRozhkovWordGame;
			productReference = BA73380C2838D27A00E1518F /* AndreyRozhkovWordGame.app */;
			productType = "com.apple.product-type.application";
		};
		BA73381B2838D28600E1518F /* AndreyRozhkovWordGameTests */ = {
			isa = PBXNativeTarget;
			buildConfigurationList = BA7338332838D28600E1518F /* Build configuration list for PBXNativeTarget "AndreyRozhkovWordGameTests" */;
			buildPhases = (
				BA7338182838D28600E1518F /* Sources */,
				BA7338192838D28600E1518F /* Frameworks */,
				BA73381A2838D28600E1518F /* Resources */,
			);
			buildRules = (
			);
			dependencies = (
				BA73381E2838D28600E1518F /* PBXTargetDependency */,
			);
			name = AndreyRozhkovWordGameTests;
			productName = AndreyRozhkovWordGameTests;
			productReference = BA73381C2838D28600E1518F /* AndreyRozhkovWordGameTests.xctest */;
			productType = "com.apple.product-type.bundle.unit-test";
		};
		BA7338252838D28600E1518F /* AndreyRozhkovWordGameUITests */ = {
			isa = PBXNativeTarget;
			buildConfigurationList = BA7338362838D28600E1518F /* Build configuration list for PBXNativeTarget "AndreyRozhkovWordGameUITests" */;
			buildPhases = (
				BA7338222838D28600E1518F /* Sources */,
				BA7338232838D28600E1518F /* Frameworks */,
				BA7338242838D28600E1518F /* Resources */,
			);
			buildRules = (
			);
			dependencies = (
				BA7338282838D28600E1518F /* PBXTargetDependency */,
			);
			name = AndreyRozhkovWordGameUITests;
			productName = AndreyRozhkovWordGameUITests;
			productReference = BA7338262838D28600E1518F /* AndreyRozhkovWordGameUITests.xctest */;
			productType = "com.apple.product-type.bundle.ui-testing";
		};
/* End PBXNativeTarget section */

/* Begin PBXProject section */
		BA7338042838D27A00E1518F /* Project object */ = {
			isa = PBXProject;
			attributes = {
				BuildIndependentTargetsInParallel = 1;
				LastSwiftUpdateCheck = 1330;
				LastUpgradeCheck = 1330;
				TargetAttributes = {
					BA73380B2838D27A00E1518F = {
						CreatedOnToolsVersion = 13.3.1;
					};
					BA73381B2838D28600E1518F = {
						CreatedOnToolsVersion = 13.3.1;
						TestTargetID = BA73380B2838D27A00E1518F;
					};
					BA7338252838D28600E1518F = {
						CreatedOnToolsVersion = 13.3.1;
						TestTargetID = BA73380B2838D27A00E1518F;
					};
				};
			};
			buildConfigurationList = BA7338072838D27A00E1518F /* Build configuration list for PBXProject "AndreyRozhkovWordGame" */;
			compatibilityVersion = "Xcode 13.0";
			developmentRegion = en;
			hasScannedForEncodings = 0;
			knownRegions = (
				en,
				Base,
			);
			mainGroup = BA7338032838D27A00E1518F;
			productRefGroup = BA73380D2838D27A00E1518F /* Products */;
			projectDirPath = "";
			projectRoot = "";
			targets = (
				BA73380B2838D27A00E1518F /* AndreyRozhkovWordGame */,
				BA73381B2838D28600E1518F /* AndreyRozhkovWordGameTests */,
				BA7338252838D28600E1518F /* AndreyRozhkovWordGameUITests */,
			);
		};
/* End PBXProject section */

/* Begin PBXResourcesBuildPhase section */
		BA73380A2838D27A00E1518F /* Resources */ = {
			isa = PBXResourcesBuildPhase;
			buildActionMask = 2147483647;
			files = (
				BA7338412838D57100E1518F /* words.json in Resources */,
				BA7338172838D28500E1518F /* Preview Assets.xcassets in Resources */,
				BA7338142838D28500E1518F /* Assets.xcassets in Resources */,
			);
			runOnlyForDeploymentPostprocessing = 0;
		};
		BA73381A2838D28600E1518F /* Resources */ = {
			isa = PBXResourcesBuildPhase;
			buildActionMask = 2147483647;
			files = (
			);
			runOnlyForDeploymentPostprocessing = 0;
		};
		BA7338242838D28600E1518F /* Resources */ = {
			isa = PBXResourcesBuildPhase;
			buildActionMask = 2147483647;
			files = (
			);
			runOnlyForDeploymentPostprocessing = 0;
		};
/* End PBXResourcesBuildPhase section */

/* Begin PBXSourcesBuildPhase section */
		BA7338082838D27A00E1518F /* Sources */ = {
			isa = PBXSourcesBuildPhase;
			buildActionMask = 2147483647;
			files = (
				BA63371D283AB4640023CE84 /* ButtonStyles.swift in Sources */,
				BA63371F283AB7C30023CE84 /* StartViewModel.swift in Sources */,
				BA73383E2838D4EB00E1518F /* WordPair.swift in Sources */,
				BA633721283AB8700023CE84 /* ViewRouter.swift in Sources */,
				BA633712283A8AF80023CE84 /* WordPairsClientEnvironment.swift in Sources */,
				BA633728283B795F0023CE84 /* AttemptsView.swift in Sources */,
				BA7338122838D27A00E1518F /* GameView.swift in Sources */,
				BA7338102838D27A00E1518F /* AndreyRozhkovWordGameApp.swift in Sources */,
				BA63371A283AB1DE0023CE84 /* StartView.swift in Sources */,
				BA63370B283A33390023CE84 /* GameViewViewModel.swift in Sources */,
				BA633717283A8B260023CE84 /* TimerClient.swift in Sources */,
				BA633714283A8AF80023CE84 /* WordPairsClientBuilder.swift in Sources */,
				BA633713283A8AF80023CE84 /* WordPairsClient.swift in Sources */,
				BA63370D283A59990023CE84 /* GameWordPair.swift in Sources */,
				BA633723283AE27B0023CE84 /* ViewRouterEnvironment.swift in Sources */,
				BA63372A283B7C130023CE84 /* GameViewViewModelEnvironment.swift in Sources */,
			);
			runOnlyForDeploymentPostprocessing = 0;
		};
		BA7338182838D28600E1518F /* Sources */ = {
			isa = PBXSourcesBuildPhase;
			buildActionMask = 2147483647;
			files = (
				BA7338212838D28600E1518F /* AndreyRozhkovWordGameTests.swift in Sources */,
			);
			runOnlyForDeploymentPostprocessing = 0;
		};
		BA7338222838D28600E1518F /* Sources */ = {
			isa = PBXSourcesBuildPhase;
			buildActionMask = 2147483647;
			files = (
				BA73382B2838D28600E1518F /* AndreyRozhkovWordGameUITests.swift in Sources */,
				BA73382D2838D28600E1518F /* AndreyRozhkovWordGameUITestsLaunchTests.swift in Sources */,
			);
			runOnlyForDeploymentPostprocessing = 0;
		};
/* End PBXSourcesBuildPhase section */

/* Begin PBXTargetDependency section */
		BA73381E2838D28600E1518F /* PBXTargetDependency */ = {
			isa = PBXTargetDependency;
			target = BA73380B2838D27A00E1518F /* AndreyRozhkovWordGame */;
			targetProxy = BA73381D2838D28600E1518F /* PBXContainerItemProxy */;
		};
		BA7338282838D28600E1518F /* PBXTargetDependency */ = {
			isa = PBXTargetDependency;
			target = BA73380B2838D27A00E1518F /* AndreyRozhkovWordGame */;
			targetProxy = BA7338272838D28600E1518F /* PBXContainerItemProxy */;
		};
/* End PBXTargetDependency section */

/* Begin XCBuildConfiguration section */
		BA73382E2838D28600E1518F /* Debug */ = {
			isa = XCBuildConfiguration;
			buildSettings = {
				ALWAYS_SEARCH_USER_PATHS = NO;
				CLANG_ANALYZER_NONNULL = YES;
				CLANG_ANALYZER_NUMBER_OBJECT_CONVERSION = YES_AGGRESSIVE;
				CLANG_CXX_LANGUAGE_STANDARD = "gnu++17";
				CLANG_ENABLE_MODULES = YES;
				CLANG_ENABLE_OBJC_ARC = YES;
				CLANG_ENABLE_OBJC_WEAK = YES;
				CLANG_WARN_BLOCK_CAPTURE_AUTORELEASING = YES;
				CLANG_WARN_BOOL_CONVERSION = YES;
				CLANG_WARN_COMMA = YES;
				CLANG_WARN_CONSTANT_CONVERSION = YES;
				CLANG_WARN_DEPRECATED_OBJC_IMPLEMENTATIONS = YES;
				CLANG_WARN_DIRECT_OBJC_ISA_USAGE = YES_ERROR;
				CLANG_WARN_DOCUMENTATION_COMMENTS = YES;
				CLANG_WARN_EMPTY_BODY = YES;
				CLANG_WARN_ENUM_CONVERSION = YES;
				CLANG_WARN_INFINITE_RECURSION = YES;
				CLANG_WARN_INT_CONVERSION = YES;
				CLANG_WARN_NON_LITERAL_NULL_CONVERSION = YES;
				CLANG_WARN_OBJC_IMPLICIT_RETAIN_SELF = YES;
				CLANG_WARN_OBJC_LITERAL_CONVERSION = YES;
				CLANG_WARN_OBJC_ROOT_CLASS = YES_ERROR;
				CLANG_WARN_QUOTED_INCLUDE_IN_FRAMEWORK_HEADER = YES;
				CLANG_WARN_RANGE_LOOP_ANALYSIS = YES;
				CLANG_WARN_STRICT_PROTOTYPES = YES;
				CLANG_WARN_SUSPICIOUS_MOVE = YES;
				CLANG_WARN_UNGUARDED_AVAILABILITY = YES_AGGRESSIVE;
				CLANG_WARN_UNREACHABLE_CODE = YES;
				CLANG_WARN__DUPLICATE_METHOD_MATCH = YES;
				COPY_PHASE_STRIP = NO;
				DEBUG_INFORMATION_FORMAT = dwarf;
				ENABLE_STRICT_OBJC_MSGSEND = YES;
				ENABLE_TESTABILITY = YES;
				GCC_C_LANGUAGE_STANDARD = gnu11;
				GCC_DYNAMIC_NO_PIC = NO;
				GCC_NO_COMMON_BLOCKS = YES;
				GCC_OPTIMIZATION_LEVEL = 0;
				GCC_PREPROCESSOR_DEFINITIONS = (
					"DEBUG=1",
					"$(inherited)",
				);
				GCC_WARN_64_TO_32_BIT_CONVERSION = YES;
				GCC_WARN_ABOUT_RETURN_TYPE = YES_ERROR;
				GCC_WARN_UNDECLARED_SELECTOR = YES;
				GCC_WARN_UNINITIALIZED_AUTOS = YES_AGGRESSIVE;
				GCC_WARN_UNUSED_FUNCTION = YES;
				GCC_WARN_UNUSED_VARIABLE = YES;
				IPHONEOS_DEPLOYMENT_TARGET = 15.4;
				MTL_ENABLE_DEBUG_INFO = INCLUDE_SOURCE;
				MTL_FAST_MATH = YES;
				ONLY_ACTIVE_ARCH = YES;
				SDKROOT = iphoneos;
				SWIFT_ACTIVE_COMPILATION_CONDITIONS = DEBUG;
				SWIFT_OPTIMIZATION_LEVEL = "-Onone";
			};
			name = Debug;
		};
		BA73382F2838D28600E1518F /* Release */ = {
			isa = XCBuildConfiguration;
			buildSettings = {
				ALWAYS_SEARCH_USER_PATHS = NO;
				CLANG_ANALYZER_NONNULL = YES;
				CLANG_ANALYZER_NUMBER_OBJECT_CONVERSION = YES_AGGRESSIVE;
				CLANG_CXX_LANGUAGE_STANDARD = "gnu++17";
				CLANG_ENABLE_MODULES = YES;
				CLANG_ENABLE_OBJC_ARC = YES;
				CLANG_ENABLE_OBJC_WEAK = YES;
				CLANG_WARN_BLOCK_CAPTURE_AUTORELEASING = YES;
				CLANG_WARN_BOOL_CONVERSION = YES;
				CLANG_WARN_COMMA = YES;
				CLANG_WARN_CONSTANT_CONVERSION = YES;
				CLANG_WARN_DEPRECATED_OBJC_IMPLEMENTATIONS = YES;
				CLANG_WARN_DIRECT_OBJC_ISA_USAGE = YES_ERROR;
				CLANG_WARN_DOCUMENTATION_COMMENTS = YES;
				CLANG_WARN_EMPTY_BODY = YES;
				CLANG_WARN_ENUM_CONVERSION = YES;
				CLANG_WARN_INFINITE_RECURSION = YES;
				CLANG_WARN_INT_CONVERSION = YES;
				CLANG_WARN_NON_LITERAL_NULL_CONVERSION = YES;
				CLANG_WARN_OBJC_IMPLICIT_RETAIN_SELF = YES;
				CLANG_WARN_OBJC_LITERAL_CONVERSION = YES;
				CLANG_WARN_OBJC_ROOT_CLASS = YES_ERROR;
				CLANG_WARN_QUOTED_INCLUDE_IN_FRAMEWORK_HEADER = YES;
				CLANG_WARN_RANGE_LOOP_ANALYSIS = YES;
				CLANG_WARN_STRICT_PROTOTYPES = YES;
				CLANG_WARN_SUSPICIOUS_MOVE = YES;
				CLANG_WARN_UNGUARDED_AVAILABILITY = YES_AGGRESSIVE;
				CLANG_WARN_UNREACHABLE_CODE = YES;
				CLANG_WARN__DUPLICATE_METHOD_MATCH = YES;
				COPY_PHASE_STRIP = NO;
				DEBUG_INFORMATION_FORMAT = "dwarf-with-dsym";
				ENABLE_NS_ASSERTIONS = NO;
				ENABLE_STRICT_OBJC_MSGSEND = YES;
				GCC_C_LANGUAGE_STANDARD = gnu11;
				GCC_NO_COMMON_BLOCKS = YES;
				GCC_WARN_64_TO_32_BIT_CONVERSION = YES;
				GCC_WARN_ABOUT_RETURN_TYPE = YES_ERROR;
				GCC_WARN_UNDECLARED_SELECTOR = YES;
				GCC_WARN_UNINITIALIZED_AUTOS = YES_AGGRESSIVE;
				GCC_WARN_UNUSED_FUNCTION = YES;
				GCC_WARN_UNUSED_VARIABLE = YES;
				IPHONEOS_DEPLOYMENT_TARGET = 15.4;
				MTL_ENABLE_DEBUG_INFO = NO;
				MTL_FAST_MATH = YES;
				SDKROOT = iphoneos;
				SWIFT_COMPILATION_MODE = wholemodule;
				SWIFT_OPTIMIZATION_LEVEL = "-O";
				VALIDATE_PRODUCT = YES;
			};
			name = Release;
		};
		BA7338312838D28600E1518F /* Debug */ = {
			isa = XCBuildConfiguration;
			buildSettings = {
				ASSETCATALOG_COMPILER_APPICON_NAME = AppIcon;
				ASSETCATALOG_COMPILER_GLOBAL_ACCENT_COLOR_NAME = AccentColor;
				CODE_SIGN_STYLE = Automatic;
				CURRENT_PROJECT_VERSION = 1;
				DEVELOPMENT_ASSET_PATHS = "\"AndreyRozhkovWordGame/Preview Content\"";
				DEVELOPMENT_TEAM = QBSXFBQ697;
				ENABLE_PREVIEWS = YES;
				GENERATE_INFOPLIST_FILE = YES;
				INFOPLIST_KEY_UIApplicationSceneManifest_Generation = YES;
				INFOPLIST_KEY_UIApplicationSupportsIndirectInputEvents = YES;
				INFOPLIST_KEY_UILaunchScreen_Generation = YES;
				INFOPLIST_KEY_UISupportedInterfaceOrientations_iPad = "UIInterfaceOrientationPortrait UIInterfaceOrientationPortraitUpsideDown UIInterfaceOrientationLandscapeLeft UIInterfaceOrientationLandscapeRight";
				INFOPLIST_KEY_UISupportedInterfaceOrientations_iPhone = "UIInterfaceOrientationPortrait UIInterfaceOrientationLandscapeLeft UIInterfaceOrientationLandscapeRight";
				LD_RUNPATH_SEARCH_PATHS = (
					"$(inherited)",
					"@executable_path/Frameworks",
				);
				MARKETING_VERSION = 1.0;
				PRODUCT_BUNDLE_IDENTIFIER = andreyrozhkov.AndreyRozhkovWordGame;
				PRODUCT_NAME = "$(TARGET_NAME)";
				SWIFT_EMIT_LOC_STRINGS = YES;
				SWIFT_VERSION = 5.0;
				TARGETED_DEVICE_FAMILY = "1,2";
			};
			name = Debug;
		};
		BA7338322838D28600E1518F /* Release */ = {
			isa = XCBuildConfiguration;
			buildSettings = {
				ASSETCATALOG_COMPILER_APPICON_NAME = AppIcon;
				ASSETCATALOG_COMPILER_GLOBAL_ACCENT_COLOR_NAME = AccentColor;
				CODE_SIGN_STYLE = Automatic;
				CURRENT_PROJECT_VERSION = 1;
				DEVELOPMENT_ASSET_PATHS = "\"AndreyRozhkovWordGame/Preview Content\"";
				DEVELOPMENT_TEAM = QBSXFBQ697;
				ENABLE_PREVIEWS = YES;
				GENERATE_INFOPLIST_FILE = YES;
				INFOPLIST_KEY_UIApplicationSceneManifest_Generation = YES;
				INFOPLIST_KEY_UIApplicationSupportsIndirectInputEvents = YES;
				INFOPLIST_KEY_UILaunchScreen_Generation = YES;
				INFOPLIST_KEY_UISupportedInterfaceOrientations_iPad = "UIInterfaceOrientationPortrait UIInterfaceOrientationPortraitUpsideDown UIInterfaceOrientationLandscapeLeft UIInterfaceOrientationLandscapeRight";
				INFOPLIST_KEY_UISupportedInterfaceOrientations_iPhone = "UIInterfaceOrientationPortrait UIInterfaceOrientationLandscapeLeft UIInterfaceOrientationLandscapeRight";
				LD_RUNPATH_SEARCH_PATHS = (
					"$(inherited)",
					"@executable_path/Frameworks",
				);
				MARKETING_VERSION = 1.0;
				PRODUCT_BUNDLE_IDENTIFIER = andreyrozhkov.AndreyRozhkovWordGame;
				PRODUCT_NAME = "$(TARGET_NAME)";
				SWIFT_EMIT_LOC_STRINGS = YES;
				SWIFT_VERSION = 5.0;
				TARGETED_DEVICE_FAMILY = "1,2";
			};
			name = Release;
		};
		BA7338342838D28600E1518F /* Debug */ = {
			isa = XCBuildConfiguration;
			buildSettings = {
				ALWAYS_EMBED_SWIFT_STANDARD_LIBRARIES = YES;
				BUNDLE_LOADER = "$(TEST_HOST)";
				CODE_SIGN_STYLE = Automatic;
				CURRENT_PROJECT_VERSION = 1;
				DEVELOPMENT_TEAM = QBSXFBQ697;
				GENERATE_INFOPLIST_FILE = YES;
				IPHONEOS_DEPLOYMENT_TARGET = 15.4;
				MARKETING_VERSION = 1.0;
				PRODUCT_BUNDLE_IDENTIFIER = andreyrozhkov.AndreyRozhkovWordGameTests;
				PRODUCT_NAME = "$(TARGET_NAME)";
				SWIFT_EMIT_LOC_STRINGS = NO;
				SWIFT_VERSION = 5.0;
				TARGETED_DEVICE_FAMILY = "1,2";
				TEST_HOST = "$(BUILT_PRODUCTS_DIR)/AndreyRozhkovWordGame.app/AndreyRozhkovWordGame";
			};
			name = Debug;
		};
		BA7338352838D28600E1518F /* Release */ = {
			isa = XCBuildConfiguration;
			buildSettings = {
				ALWAYS_EMBED_SWIFT_STANDARD_LIBRARIES = YES;
				BUNDLE_LOADER = "$(TEST_HOST)";
				CODE_SIGN_STYLE = Automatic;
				CURRENT_PROJECT_VERSION = 1;
				DEVELOPMENT_TEAM = QBSXFBQ697;
				GENERATE_INFOPLIST_FILE = YES;
				IPHONEOS_DEPLOYMENT_TARGET = 15.4;
				MARKETING_VERSION = 1.0;
				PRODUCT_BUNDLE_IDENTIFIER = andreyrozhkov.AndreyRozhkovWordGameTests;
				PRODUCT_NAME = "$(TARGET_NAME)";
				SWIFT_EMIT_LOC_STRINGS = NO;
				SWIFT_VERSION = 5.0;
				TARGETED_DEVICE_FAMILY = "1,2";
				TEST_HOST = "$(BUILT_PRODUCTS_DIR)/AndreyRozhkovWordGame.app/AndreyRozhkovWordGame";
			};
			name = Release;
		};
		BA7338372838D28600E1518F /* Debug */ = {
			isa = XCBuildConfiguration;
			buildSettings = {
				ALWAYS_EMBED_SWIFT_STANDARD_LIBRARIES = YES;
				CODE_SIGN_STYLE = Automatic;
				CURRENT_PROJECT_VERSION = 1;
				DEVELOPMENT_TEAM = QBSXFBQ697;
				GENERATE_INFOPLIST_FILE = YES;
				MARKETING_VERSION = 1.0;
				PRODUCT_BUNDLE_IDENTIFIER = andreyrozhkov.AndreyRozhkovWordGameUITests;
				PRODUCT_NAME = "$(TARGET_NAME)";
				SWIFT_EMIT_LOC_STRINGS = NO;
				SWIFT_VERSION = 5.0;
				TARGETED_DEVICE_FAMILY = "1,2";
				TEST_TARGET_NAME = AndreyRozhkovWordGame;
			};
			name = Debug;
		};
		BA7338382838D28600E1518F /* Release */ = {
			isa = XCBuildConfiguration;
			buildSettings = {
				ALWAYS_EMBED_SWIFT_STANDARD_LIBRARIES = YES;
				CODE_SIGN_STYLE = Automatic;
				CURRENT_PROJECT_VERSION = 1;
				DEVELOPMENT_TEAM = QBSXFBQ697;
				GENERATE_INFOPLIST_FILE = YES;
				MARKETING_VERSION = 1.0;
				PRODUCT_BUNDLE_IDENTIFIER = andreyrozhkov.AndreyRozhkovWordGameUITests;
				PRODUCT_NAME = "$(TARGET_NAME)";
				SWIFT_EMIT_LOC_STRINGS = NO;
				SWIFT_VERSION = 5.0;
				TARGETED_DEVICE_FAMILY = "1,2";
				TEST_TARGET_NAME = AndreyRozhkovWordGame;
			};
			name = Release;
		};
/* End XCBuildConfiguration section */

/* Begin XCConfigurationList section */
		BA7338072838D27A00E1518F /* Build configuration list for PBXProject "AndreyRozhkovWordGame" */ = {
			isa = XCConfigurationList;
			buildConfigurations = (
				BA73382E2838D28600E1518F /* Debug */,
				BA73382F2838D28600E1518F /* Release */,
			);
			defaultConfigurationIsVisible = 0;
			defaultConfigurationName = Release;
		};
		BA7338302838D28600E1518F /* Build configuration list for PBXNativeTarget "AndreyRozhkovWordGame" */ = {
			isa = XCConfigurationList;
			buildConfigurations = (
				BA7338312838D28600E1518F /* Debug */,
				BA7338322838D28600E1518F /* Release */,
			);
			defaultConfigurationIsVisible = 0;
			defaultConfigurationName = Release;
		};
		BA7338332838D28600E1518F /* Build configuration list for PBXNativeTarget "AndreyRozhkovWordGameTests" */ = {
			isa = XCConfigurationList;
			buildConfigurations = (
				BA7338342838D28600E1518F /* Debug */,
				BA7338352838D28600E1518F /* Release */,
			);
			defaultConfigurationIsVisible = 0;
			defaultConfigurationName = Release;
		};
		BA7338362838D28600E1518F /* Build configuration list for PBXNativeTarget "AndreyRozhkovWordGameUITests" */ = {
			isa = XCConfigurationList;
			buildConfigurations = (
				BA7338372838D28600E1518F /* Debug */,
				BA7338382838D28600E1518F /* Release */,
			);
			defaultConfigurationIsVisible = 0;
			defaultConfigurationName = Release;
		};
/* End XCConfigurationList section */
	};
	rootObject = BA7338042838D27A00E1518F /* Project object */;
}
